# THIS IS AN AUTOGENERATED FILE. DO NOT EDIT THIS FILE DIRECTLY.
# yarn lockfile v1


base-x@^5.0.0:
  version "5.0.0"
  resolved "https://registry.yarnpkg.com/base-x/-/base-x-5.0.0.tgz#6d835ceae379130e1a4cb846a70ac4746f28ea9b"
  integrity sha512-sMW3VGSX1QWVFA6l8U62MLKz29rRfpTlYdCqLdpLo1/Yd4zZwSbnUaDfciIAowAqvq7YFnWq9hrhdg1KYgc1lQ==

bs58@^6.0.0:
  version "6.0.0"
  resolved "https://registry.yarnpkg.com/bs58/-/bs58-6.0.0.tgz#a2cda0130558535dd281a2f8697df79caaf425d8"
  integrity sha512-PD0wEnEYg6ijszw/u8s+iI3H17cTymlrwkKhDhPZq+Sokl3AU4htyBFTjAeNAlCCmg0f53g6ih3jATyCKftTfw==
  dependencies:
    base-x "^5.0.0"
